{
  "lockfile_version": "1",
  "packages": {
    "acpica-tools@latest": {
      "last_modified": "2026-05-01T13:14:57Z",
      "resolved": "github:NixOS/nixpkgs/c6d65881c5624c9cae5ea6cedef24699b0c0a4c0#acpica-tools",
      "source": "devbox-search",
      "version": "20260408",
      "systems": {
        "aarch64-darwin": {
          "outputs": [
            {
              "name": "out",
              "path": "/nix/store/bz751ln0nmppa1pkj1nby4v1zd24cd3q-acpica-tools-20260408",
              "default": true
            }
          ],
          "store_path": "/nix/store/bz751ln0nmppa1pkj1nby4v1zd24cd3q-acpica-tools-20260408"
        },
        "aarch64-linux": {
          "outputs": [
            {
              "name": "out",
              "path": "/nix/store/di33c5v8jvglyns7ilm7hhka37w619is-acpica-tools-20260408",
              "default": true
            }
          ],
          "store_path": "/nix/store/di33c5v8jvglyns7ilm7hhka37w619is-acpica-tools-20260408"
        },
        "x86_64-darwin": {
          "outputs": [
            {
              "name": "out",
              "path": "/nix/store/6qn7xav32yymgjcsinara73f7sy32mf7-acpica-tools-20260408",
              "default": true
            }
          ],
          "store_path": "/nix/store/6qn7xav32yymgjcsinara73f7sy32mf7-acpica-tools-20260408"
        },
        "x86_64-linux": {
          "outputs": [
            {
              "name": "out",
              "path": "/nix/store/0c64syn61ghx8rsjh3m351vx0zsr2rrl-acpica-tools-20260408",
              "default": true
            }
          ],
          "store_path": "/nix/store/0c64syn61ghx8rsjh3m351vx0zsr2rrl-acpica-tools-20260408"
        }
      }
    },
    "gcc@latest": {
      "last_modified": "2026-04-23T13:07:47Z",
      "resolved": "github:NixOS/nixpkgs/01fbdeef22b76df85ea168fbfe1bfd9e63681b30#gcc",
      "source": "devbox-search",
      "version": "15.2.0",
      "systems": {
        "aarch64-darwin": {
          "outputs": [
            {
              "name": "out",
              "path": "/nix/store/dwlwh17hj0kvd3wjdldzjhpg1lrkriz7-gcc-wrapper-15.2.0",
              "default": true
            },
            {
              "name": "man",
              "path": "/nix/store/9aq51flq9r3qk1wad800jnwhywxh11g8-gcc-wrapper-15.2.0-man",
              "default": true
            },
            {
              "name": "info",
              "path": "/nix/store/c56kq8gqdv1x250bkszg4qka470hkdxn-gcc-wrapper-15.2.0-info"
            }
          ],
          "store_path": "/nix/store/dwlwh17hj0kvd3wjdldzjhpg1lrkriz7-gcc-wrapper-15.2.0"
        },
        "aarch64-linux": {
          "outputs": [
            {
              "name": "out",
              "path": "/nix/store/xvvipinc7wngr82akl5i61bxdh10rajw-gcc-wrapper-15.2.0",
              "default": true
            },
            {
              "name": "man",
              "path": "/nix/store/d5svqdhdiryldnkaphaxwamiwxnadcid-gcc-wrapper-15.2.0-man",
              "default": true
            },
            {
              "name": "info",
              "path": "/nix/store/q487ij6jvnbvwwqnqf2yzacplj0nl1lm-gcc-wrapper-15.2.0-info"
            }
          ],
          "store_path": "/nix/store/xvvipinc7wngr82akl5i61bxdh10rajw-gcc-wrapper-15.2.0"
        },
        "x86_64-darwin": {
          "outputs": [
            {
              "name": "out",
              "path": "/nix/store/3gphzab4pz860k6xyyg913a0ys3ch3fw-gcc-wrapper-15.2.0",
              "default": true
            },
            {
              "name": "man",
              "path": "/nix/store/wp66lw67zy3a6l8nyrm7mp849pv38a52-gcc-wrapper-15.2.0-man",
              "default": true
            },
            {
              "name": "info",
              "path": "/nix/store/nrkdf7av6jq3p1x7pdmvllcp1l1gbs1v-gcc-wrapper-15.2.0-info"
            }
          ],
          "store_path": "/nix/store/3gphzab4pz860k6xyyg913a0ys3ch3fw-gcc-wrapper-15.2.0"
        },
        "x86_64-linux": {
          "outputs": [
            {
              "name": "out",
              "path": "/nix/store/qd70v8g0561vm8m33kmnp79z00cgyi5n-gcc-wrapper-15.2.0",
              "default": true
            },
            {
              "name": "man",
              "path": "/nix/store/s03w1r1shmmzs1zz367aplbfyq2vgcfg-gcc-wrapper-15.2.0-man",
              "default": true
            },
            {
              "name": "info",
              "path": "/nix/store/k8zz91jx73nabxg7hh8yshab5w9y4rq8-gcc-wrapper-15.2.0-info"
            }
          ],
          "store_path": "/nix/store/qd70v8g0561vm8m33kmnp79z00cgyi5n-gcc-wrapper-15.2.0"
        }
      }
    },
    "github:NixOS/nixpkgs/nixpkgs-unstable": {
      "last_modified": "2026-05-08T21:03:27Z",
      "resolved": "github:NixOS/nixpkgs/b3da656039dc7a6240f27b2ef8cc6a3ef3bccae7?lastModified=1778274207"
    },
    "gnumake@latest": {
      "last_modified": "2026-05-06T12:40:13Z",
      "resolved": "github:NixOS/nixpkgs/07800bee2b362f6c73fe17cb1593a260c5e183c6#gnumake",
      "source": "devbox-search",
      "version": "4.4.1",
      "systems": {
        "aarch64-darwin": {
          "outputs": [
            {
              "name": "out",
              "path": "/nix/store/zcbp7z3zaagbm7rpk6hz5zb8qwd40v42-gnumake-4.4.1",
              "default": true
            },
            {
              "name": "man",
              "path": "/nix/store/908rmkli4kdr2706pgax47ph86cpfifh-gnumake-4.4.1-man",
              "default": true
            },
            {
              "name": "doc",
              "path": "/nix/store/c7l1j109rsygzd1lc3pp2rbfm2p3y642-gnumake-4.4.1-doc"
            },
            {
              "name": "info",
              "path": "/nix/store/v9ss50cr4hqvm1c5xhhgb9sgn98gvgd6-gnumake-4.4.1-info"
            }
          ],
          "store_path": "/nix/store/zcbp7z3zaagbm7rpk6hz5zb8qwd40v42-gnumake-4.4.1"
        },
        "aarch64-linux": {
          "outputs": [
            {
              "name": "out",
              "path": "/nix/store/y92qq7542dy25bs8ijnrs396n5cvbrvm-gnumake-4.4.1",
              "default": true
            },
            {
              "name": "man",
              "path": "/nix/store/a208sdxbrp4737zrv1lynglgzqj7wjxi-gnumake-4.4.1-man",
              "default": true
            },
            {
              "name": "debug",
              "path": "/nix/store/skri4hsrs5ga3mb2y2zabb86h91kg7yf-gnumake-4.4.1-debug"
            },
            {
              "name": "doc",
              "path": "/nix/store/83grbbzidh6mspbq3vcwnv5i2w418f64-gnumake-4.4.1-doc"
            },
            {
              "name": "info",
              "path": "/nix/store/pi1waffl6zsh3898x8csg9liwljl1v5b-gnumake-4.4.1-info"
            }
          ],
          "store_path": "/nix/store/y92qq7542dy25bs8ijnrs396n5cvbrvm-gnumake-4.4.1"
        },
        "x86_64-darwin": {
          "outputs": [
            {
              "name": "out",
              "path": "/nix/store/4sgv9nplhrys2a88lfxw1swlj7kn4v54-gnumake-4.4.1",
              "default": true
            },
            {
              "name": "man",
              "path": "/nix/store/4jk8w4gsl2d2vgrpi5c8grcyx5h6k1br-gnumake-4.4.1-man",
              "default": true
            },
            {
              "name": "doc",
              "path": "/nix/store/8cga3r53093x6yzzayqqjcd2ip2bb6gc-gnumake-4.4.1-doc"
            },
            {
              "name": "info",
              "path": "/nix/store/gdg79wm2j8g86d0vilbmwa6sjvdnwysw-gnumake-4.4.1-info"
            }
          ],
          "store_path": "/nix/store/4sgv9nplhrys2a88lfxw1swlj7kn4v54-gnumake-4.4.1"
        },
        "x86_64-linux": {
          "outputs": [
            {
              "name": "out",
              "path": "/nix/store/0rn2xh3zciwdr8sjg79ir79dbr6lnmfb-gnumake-4.4.1",
              "default": true
            },
            {
              "name": "man",
              "path": "/nix/store/5xxknr9d7fgm7j2pppvh410nh5jjgq72-gnumake-4.4.1-man",
              "default": true
            },
            {
              "name": "debug",
              "path": "/nix/store/72dxkkiz9jh8icb3h55ryi2c40f5rx8f-gnumake-4.4.1-debug"
            },
            {
              "name": "doc",
              "path": "/nix/store/4jrq5glppx1pbf9qvzm33j7igm852pbc-gnumake-4.4.1-doc"
            },
            {
              "name": "info",
              "path": "/nix/store/jx8cp7ifpjv63q2rqdwby1qq84fs94lk-gnumake-4.4.1-info"
            }
          ],
          "store_path": "/nix/store/0rn2xh3zciwdr8sjg79ir79dbr6lnmfb-gnumake-4.4.1"
        }
      }
    },
    "lm_sensors@latest": {
      "last_modified": "2026-05-29T05:01:12Z",
      "resolved": "github:NixOS/nixpkgs/e9a7635a57597d9754eccebdfc7045e6c8600e6b#lm_sensors",
      "source": "devbox-search",
      "version": "3.6.2",
      "systems": {
        "aarch64-linux": {
          "outputs": [
            {
              "name": "bin",
              "path": "/nix/store/32vqkm7wk5rvzc9ndhjf8wg8y6jll19x-lm-sensors-3.6.2-bin",
              "default": true
            },
            {
              "name": "man",
              "path": "/nix/store/50y8xsn8rh42krkmflv5kcwwm6v88z7p-lm-sensors-3.6.2-man",
              "default": true
            },
            {
              "name": "out",
              "path": "/nix/store/mzjldaz7ddbddasmc3898xarm5kbnpki-lm-sensors-3.6.2"
            },
            {
              "name": "dev",
              "path": "/nix/store/6dx00d47h1995v3hxlkmvmddpqpfhnvr-lm-sensors-3.6.2-dev"
            },
            {
              "name": "doc",
              "path": "/nix/store/0sqmbvndbwayvwyccddvcjn7pd3s441v-lm-sensors-3.6.2-doc"
            }
          ],
          "store_path": "/nix/store/32vqkm7wk5rvzc9ndhjf8wg8y6jll19x-lm-sensors-3.6.2-bin"
        },
        "x86_64-linux": {
          "outputs": [
            {
              "name": "bin",
              "path": "/nix/store/dbz2n95j3k5kj2rgkgdr3azjr46cagpq-lm-sensors-3.6.2-bin",
              "default": true
            },
            {
              "name": "man",
              "path": "/nix/store/slgnirci3jmf13sjm03mz4qsyafiwjab-lm-sensors-3.6.2-man",
              "default": true
            },
            {
              "name": "dev",
              "path": "/nix/store/dg3plk3pnzkwpcjm2lbf139215rckx4d-lm-sensors-3.6.2-dev"
            },
            {
              "name": "doc",
              "path": "/nix/store/72yzmqd0kqjpm206dnbmpbvgvz0mf4dm-lm-sensors-3.6.2-doc"
            },
            {
              "name": "out",
              "path": "/nix/store/wi85nybflfgkny549lc56s2cxfbkv4js-lm-sensors-3.6.2"
            }
          ],
          "store_path": "/nix/store/dbz2n95j3k5kj2rgkgdr3azjr46cagpq-lm-sensors-3.6.2-bin"
        }
      }
    },
    "openssl@latest": {
      "last_modified": "2025-12-05T06:24:47Z",
      "resolved": "github:NixOS/nixpkgs/42e29df35be6ef54091d3a3b4e97056ce0a98ce8#openssl",
      "source": "devbox-search",
      "version": "3.6.0",
      "systems": {
        "aarch64-darwin": {
          "outputs": [
            {
              "name": "bin",
              "path": "/nix/store/z9prisxci5h5lsk3rdknd4jzq7k9q13d-openssl-3.6.0-bin",
              "default": true
            },
            {
              "name": "man",
              "path": "/nix/store/ii9mnzr3i92mgk9dkgg65739mavd0j6f-openssl-3.6.0-man",
              "default": true
            },
            {
              "name": "dev",
              "path": "/nix/store/h0qgqik0mk0wn7rmm2kk3grfi1wzly74-openssl-3.6.0-dev"
            },
            {
              "name": "doc",
              "path": "/nix/store/yx3ip21fdaaxpjn5fbir02mqnaw9cm4f-openssl-3.6.0-doc"
            },
            {
              "name": "out",
              "path": "/nix/store/3z54dgks2mz3dhwddj158sdibll8xmq5-openssl-3.6.0"
            }
          ],
          "store_path": "/nix/store/z9prisxci5h5lsk3rdknd4jzq7k9q13d-openssl-3.6.0-bin"
        },
        "aarch64-linux": {
          "outputs": [
            {
              "name": "bin",
              "path": "/nix/store/wb6q44n9kcb5acmaa4rgqsajadx1fhhl-openssl-3.6.0-bin",
              "default": true
            },
            {
              "name": "man",
              "path": "/nix/store/c9n1alb7ypzjvzd47m16fiwfczz23qs3-openssl-3.6.0-man",
              "default": true
            },
            {
              "name": "debug",
              "path": "/nix/store/ci6d4k1sj4bnr892lsrqqmjiihqsk0bl-openssl-3.6.0-debug"
            },
            {
              "name": "dev",
              "path": "/nix/store/pq8b7fb3282g68pmk14mbyi20qn6chid-openssl-3.6.0-dev"
            },
            {
              "name": "doc",
              "path": "/nix/store/vaplp6w56dyz38986bgkf0pbg3r486b2-openssl-3.6.0-doc"
            },
            {
              "name": "out",
              "path": "/nix/store/nj50gkyx813dxvfmsg1q8m330hmf3h86-openssl-3.6.0"
            }
          ],
          "store_path": "/nix/store/wb6q44n9kcb5acmaa4rgqsajadx1fhhl-openssl-3.6.0-bin"
        },
        "x86_64-darwin": {
          "outputs": [
            {
              "name": "bin",
              "path": "/nix/store/m3xwn9n0jypwjgi256idfzs979g30j29-openssl-3.6.0-bin",
              "default": true
            },
            {
              "name": "man",
              "path": "/nix/store/hw43f3y1vl7ydrd4samnwnrwqqwkpisv-openssl-3.6.0-man",
              "default": true
            },
            {
              "name": "dev",
              "path": "/nix/store/dirjrfjk8jgsbdpslgb51cav6qaxn2vm-openssl-3.6.0-dev"
            },
            {
              "name": "doc",
              "path": "/nix/store/va1zhkz0nfmycvd0h239hi4w40qgaxcx-openssl-3.6.0-doc"
            },
            {
              "name": "out",
              "path": "/nix/store/q9a4wssx24xsy28w8kifdqizc01fh7sc-openssl-3.6.0"
            }
          ],
          "store_path": "/nix/store/m3xwn9n0jypwjgi256idfzs979g30j29-openssl-3.6.0-bin"
        },
        "x86_64-linux": {
          "outputs": [
            {
              "name": "bin",
              "path": "/nix/store/k0gl1zc7f5hk87lylxwbipb0b870bcmk-openssl-3.6.0-bin",
              "default": true
            },
            {
              "name": "man",
              "path": "/nix/store/a9jdl6xq9fc98ykpvqmc9kf0b0j9y8wh-openssl-3.6.0-man",
              "default": true
            },
            {
              "name": "debug",
              "path": "/nix/store/sqv8kbdgfxlr2d6nysr8c2715qpsi6f5-openssl-3.6.0-debug"
            },
            {
              "name": "dev",
              "path": "/nix/store/ydrckgnllgg8nmhdwni81h7xhcpnrlhd-openssl-3.6.0-dev"
            },
            {
              "name": "doc",
              "path": "/nix/store/cgp9ig35iwicfb9spcrgyg2m5dmlcgrv-openssl-3.6.0-doc"
            },
            {
              "name": "out",
              "path": "/nix/store/61i74yjkj9p1qphfl7018ja4sdwkipx0-openssl-3.6.0"
            }
          ],
          "store_path": "/nix/store/k0gl1zc7f5hk87lylxwbipb0b870bcmk-openssl-3.6.0-bin"
        }
      }
    },
    "python3@latest": {
      "last_modified": "2025-01-06T03:40:18Z",
      "plugin_version": "0.0.4",
      "resolved": "github:NixOS/nixpkgs/3df3c47c19dc90fec35359e89ffb52b34d2b0e94#python3",
      "source": "devbox-search",
      "version": "3.12.8",
      "systems": {
        "aarch64-darwin": {
          "outputs": [
            {
              "name": "out",
              "path": "/nix/store/8zc3wcplydp8gsxms24scpzdca438dk5-python3-3.12.8",
              "default": true
            }
          ],
          "store_path": "/nix/store/8zc3wcplydp8gsxms24scpzdca438dk5-python3-3.12.8"
        },
        "aarch64-linux": {
          "outputs": [
            {
              "name": "out",
              "path": "/nix/store/66pn6ysmvx675061xaq2vz93s9vdc5p4-python3-3.12.8",
              "default": true
            },
            {
              "name": "debug",
              "path": "/nix/store/brcg3a34fi45ffky63g5pqd22sksvq13-python3-3.12.8-debug"
            }
          ],
          "store_path": "/nix/store/66pn6ysmvx675061xaq2vz93s9vdc5p4-python3-3.12.8"
        },
        "x86_64-darwin": {
          "outputs": [
            {
              "name": "out",
              "path": "/nix/store/fpmkmdzgd1q7kqadc7czcjdhjj7bsc0i-python3-3.12.8",
              "default": true
            }
          ],
          "store_path": "/nix/store/fpmkmdzgd1q7kqadc7czcjdhjj7bsc0i-python3-3.12.8"
        },
        "x86_64-linux": {
          "outputs": [
            {
              "name": "out",
              "path": "/nix/store/c9m6yd8fg1flz2j5r4bif1ib5j20a0cy-python3-3.12.8",
              "default": true
            },
            {
              "name": "debug",
              "path": "/nix/store/cicfrcjr8pky8qd0gxw0x84ynyviy6b5-python3-3.12.8-debug"
            }
          ],
          "store_path": "/nix/store/c9m6yd8fg1flz2j5r4bif1ib5j20a0cy-python3-3.12.8"
        }
      }
    }
  }
}
